// !$*UTF8*$!
{
	archiveVersion = 1;
	classes = {
	};
	objectVersion = 50;
	objects = {

/* Begin PBXBuildFile section */
		3BB3093524D67FB600BA2F8C /* AppDelegate.swift in Sources */ = {isa = PBXBuildFile; fileRef = 3BB3093424D67FB600BA2F8C /* AppDelegate.swift */; };
		3BB3093724D67FB600BA2F8C /* SceneDelegate.swift in Sources */ = {isa = PBXBuildFile; fileRef = 3BB3093624D67FB600BA2F8C /* SceneDelegate.swift */; };
		3BB3093924D67FB600BA2F8C /* ViewController.swift in Sources */ = {isa = PBXBuildFile; fileRef = 3BB3093824D67FB600BA2F8C /* ViewController.swift */; };
		3BB3093C24D67FB600BA2F8C /* Main.storyboard in Resources */ = {isa = PBXBuildFile; fileRef = 3BB3093A24D67FB600BA2F8C /* Main.storyboard */; };
		3BB3093E24D67FB700BA2F8C /* Assets.xcassets in Resources */ = {isa = PBXBuildFile; fileRef = 3BB3093D24D67FB700BA2F8C /* Assets.xcassets */; };
		3BB3094124D67FB700BA2F8C /* LaunchScreen.storyboard in Resources */ = {isa = PBXBuildFile; fileRef = 3BB3093F24D67FB700BA2F8C /* LaunchScreen.storyboard */; };
		3BB3094C24D67FB700BA2F8C /* TipCalculatorTests.swift in Sources */ = {isa = PBXBuildFile; fileRef = 3BB3094B24D67FB700BA2F8C /* TipCalculatorTests.swift */; };
		3BB3095724D67FB700BA2F8C /* TipCalculatorUITests.swift in Sources */ = {isa = PBXBuildFile; fileRef = 3BB3095624D67FB700BA2F8C /* TipCalculatorUITests.swift */; };
/* End PBXBuildFile section */

/* Begin PBXContainerItemProxy section */
		3BB3094824D67FB700BA2F8C /* PBXContainerItemProxy */ = {
			isa = PBXContainerItemProxy;
			containerPortal = 3BB3092924D67FB600BA2F8C /* Project object */;
			proxyType = 1;
			remoteGlobalIDString = 3BB3093024D67FB600BA2F8C;
			remoteInfo = TipCalculator;
		};
		3BB3095324D67FB700BA2F8C /* PBXContainerItemProxy */ = {
			isa = PBXContainerItemProxy;
			containerPortal = 3BB3092924D67FB600BA2F8C /* Project object */;
			proxyType = 1;
			remoteGlobalIDString = 3BB3093024D67FB600BA2F8C;
			remoteInfo = TipCalculator;
		};
/* End PBXContainerItemProxy section */

/* Begin PBXFileReference section */
		3BB3093124D67FB600BA2F8C /* TipCalculator.app */ = {isa = PBXFileReference; explicitFileType = wrapper.application; includeInIndex = 0; path = TipCalculator.app; sourceTree = BUILT_PRODUCTS_DIR; };
		3BB3093424D67FB600BA2F8C /* AppDelegate.swift */ = {isa = PBXFileReference; lastKnownFileType = sourcecode.swift; path = AppDelegate.swift; sourceTree = "<group>"; };
		3BB3093624D67FB600BA2F8C /* SceneDelegate.swift */ = {isa = PBXFileReference; lastKnownFileType = sourcecode.swift; path = SceneDelegate.swift; sourceTree = "<group>"; };
		3BB3093824D67FB600BA2F8C /* ViewController.swift */ = {isa = PBXFileReference; lastKnownFileType = sourcecode.swift; path = ViewController.swift; sourceTree = "<group>"; };
		3BB3093B24D67FB600BA2F8C /* Base */ = {isa = PBXFileReference; lastKnownFileType = file.storyboard; name = Base; path = Base.lproj/Main.storyboard; sourceTree = "<group>"; };
		3BB3093D24D67FB700BA2F8C /* Assets.xcassets */ = {isa = PBXFileReference; lastKnownFileType = folder.assetcatalog; path = Assets.xcassets; sourceTree = "<group>"; };
		3BB3094024D67FB700BA2F8C /* Base */ = {isa = PBXFileReference; lastKnownFileType = file.storyboard; name = Base; path = Base.lproj/LaunchScreen.storyboard; sourceTree = "<group>"; };
		3BB3094224D67FB700BA2F8C /* Info.plist */ = {isa = PBXFileReference; lastKnownFileType = text.plist.xml; path = Info.plist; sourceTree = "<group>"; };
		3BB3094724D67FB700BA2F8C /* TipCalculatorTests.xctest */ = {isa = PBXFileReference; explicitFileType = wrapper.cfbundle; includeInIndex = 0; path = TipCalculatorTests.xctest; sourceTree = BUILT_PRODUCTS_DIR; };
		3BB3094B24D67FB700BA2F8C /* TipCalculatorTests.swift */ = {isa = PBXFileReference; lastKnownFileType = sourcecode.swift; path = TipCalculatorTests.swift; sourceTree = "<group>"; };
		3BB3094D24D67FB700BA2F8C /* Info.plist */ = {isa = PBXFileReference; lastKnownFileType = text.plist.xml; path = Info.plist; sourceTree = "<group>"; };
		3BB3095224D67FB700BA2F8C /* TipCalculatorUITests.xctest */ = {isa = PBXFileReference; explicitFileType = wrapper.cfbundle; includeInIndex = 0; path = TipCalculatorUITests.xctest; sourceTree = BUILT_PRODUCTS_DIR; };
		3BB3095624D67FB700BA2F8C /* TipCalculatorUITests.swift */ = {isa = PBXFileReference; lastKnownFileType = sourcecode.swift; path = TipCalculatorUITests.swift; sourceTree = "<group>"; };
		3BB3095824D67FB700BA2F8C /* Info.plist */ = {isa = PBXFileReference; lastKnownFileType = text.plist.xml; path = Info.plist; sourceTree = "<group>"; };
/* End PBXFileReference section */

/* Begin PBXFrameworksBuildPhase section */
		3BB3092E24D67FB600BA2F8C /* Frameworks */ = {
			isa = PBXFrameworksBuildPhase;
			buildActionMask = 2147483647;
			files = (
			);
			runOnlyForDeploymentPostprocessing = 0;
		};
		3BB3094424D67FB700BA2F8C /* Frameworks */ = {
			isa = PBXFrameworksBuildPhase;
			buildActionMask = 2147483647;
			files = (
			);
			runOnlyForDeploymentPostprocessing = 0;
		};
		3BB3094F24D67FB700BA2F8C /* Frameworks */ = {
			isa = PBXFrameworksBuildPhase;
			buildActionMask = 2147483647;
			files = (
			);
			runOnlyForDeploymentPostprocessing = 0;
		};
/* End PBXFrameworksBuildPhase section */

/* Begin PBXGroup section */
		3BB3092824D67FB600BA2F8C = {
			isa = PBXGroup;
			children = (
				3BB3093324D67FB600BA2F8C /* TipCalculator */,
				3BB3094A24D67FB700BA2F8C /* TipCalculatorTests */,
				3BB3095524D67FB700BA2F8C /* TipCalculatorUITests */,
				3BB3093224D67FB600BA2F8C /* Products */,
			);
			sourceTree = "<group>";
		};
		3BB3093224D67FB600BA2F8C /* Products */ = {
			isa = PBXGroup;
			children = (
				3BB3093124D67FB600BA2F8C /* TipCalculator.app */,
				3BB3094724D67FB700BA2F8C /* TipCalculatorTests.xctest */,
				3BB3095224D67FB700BA2F8C /* TipCalculatorUITests.xctest */,
			);
			name = Products;
			sourceTree = "<group>";
		};
		3BB3093324D67FB600BA2F8C /* TipCalculator */ = {
			isa = PBXGroup;
			children = (
				3BB3093424D67FB600BA2F8C /* AppDelegate.swift */,
				3BB3093624D67FB600BA2F8C /* SceneDelegate.swift */,
				3BB3093824D67FB600BA2F8C /* ViewController.swift */,
				3BB3093A24D67FB600BA2F8C /* Main.storyboard */,
				3BB3093D24D67FB700BA2F8C /* Assets.xcassets */,
				3BB3093F24D67FB700BA2F8C /* LaunchScreen.storyboard */,
				3BB3094224D67FB700BA2F8C /* Info.plist */,
			);
			path = TipCalculator;
			sourceTree = "<group>";
		};
		3BB3094A24D67FB700BA2F8C /* TipCalculatorTests */ = {
			isa = PBXGroup;
			children = (
				3BB3094B24D67FB700BA2F8C /* TipCalculatorTests.swift */,
				3BB3094D24D67FB700BA2F8C /* Info.plist */,
			);
			path = TipCalculatorTests;
			sourceTree = "<group>";
		};
		3BB3095524D67FB700BA2F8C /* TipCalculatorUITests */ = {
			isa = PBXGroup;
			children = (
				3BB3095624D67FB700BA2F8C /* TipCalculatorUITests.swift */,
				3BB3095824D67FB700BA2F8C /* Info.plist */,
			);
			path = TipCalculatorUITests;
			sourceTree = "<group>";
		};
/* End PBXGroup section */

/* Begin PBXNativeTarget section */
		3BB3093024D67FB600BA2F8C /* TipCalculator */ = {
			isa = PBXNativeTarget;
			buildConfigurationList = 3BB3095B24D67FB700BA2F8C /* Build configuration list for PBXNativeTarget "TipCalculator" */;
			buildPhases = (
				3BB3092D24D67FB600BA2F8C /* Sources */,
				3BB3092E24D67FB600BA2F8C /* Frameworks */,
				3BB3092F24D67FB600BA2F8C /* Resources */,
			);
			buildRules = (
			);
			dependencies = (
			);
			name = TipCalculator;
			productName = TipCalculator;
			productReference = 3BB3093124D67FB600BA2F8C /* TipCalculator.app */;
			productType = "com.apple.product-type.application";
		};
		3BB3094624D67FB700BA2F8C /* TipCalculatorTests */ = {
			isa = PBXNativeTarget;
			buildConfigurationList = 3BB3095E24D67FB700BA2F8C /* Build configuration list for PBXNativeTarget "TipCalculatorTests" */;
			buildPhases = (
				3BB3094324D67FB700BA2F8C /* Sources */,
				3BB3094424D67FB700BA2F8C /* Frameworks */,
				3BB3094524D67FB700BA2F8C /* Resources */,
			);
			buildRules = (
			);
			dependencies = (
				3BB3094924D67FB700BA2F8C /* PBXTargetDependency */,
			);
			name = TipCalculatorTests;
			productName = TipCalculatorTests;
			productReference = 3BB3094724D67FB700BA2F8C /* TipCalculatorTests.xctest */;
			productType = "com.apple.product-type.bundle.unit-test";
		};
		3BB3095124D67FB700BA2F8C /* TipCalculatorUITests */ = {
			isa = PBXNativeTarget;
			buildConfigurationList = 3BB3096124D67FB700BA2F8C /* Build configuration list for PBXNativeTarget "TipCalculatorUITests" */;
			buildPhases = (
				3BB3094E24D67FB700BA2F8C /* Sources */,
				3BB3094F24D67FB700BA2F8C /* Frameworks */,
				3BB3095024D67FB700BA2F8C /* Resources */,
			);
			buildRules = (
			);
			dependencies = (
				3BB3095424D67FB700BA2F8C /* PBXTargetDependency */,
			);
			name = TipCalculatorUITests;
			productName = TipCalculatorUITests;
			productReference = 3BB3095224D67FB700BA2F8C /* TipCalculatorUITests.xctest */;
			productType = "com.apple.product-type.bundle.ui-testing";
		};
/* End PBXNativeTarget section */

/* Begin PBXProject section */
		3BB3092924D67FB600BA2F8C /* Project object */ = {
			isa = PBXProject;
			attributes = {
				LastSwiftUpdateCheck = 1150;
				LastUpgradeCheck = 1150;
				ORGANIZATIONNAME = "Maggie Xiao";
				TargetAttributes = {
					3BB3093024D67FB600BA2F8C = {
						CreatedOnToolsVersion = 11.5;
					};
					3BB3094624D67FB700BA2F8C = {
						CreatedOnToolsVersion = 11.5;
						TestTargetID = 3BB3093024D67FB600BA2F8C;
					};
					3BB3095124D67FB700BA2F8C = {
						CreatedOnToolsVersion = 11.5;
						TestTargetID = 3BB3093024D67FB600BA2F8C;
					};
				};
			};
			buildConfigurationList = 3BB3092C24D67FB600BA2F8C /* Build configuration list for PBXProject "TipCalculator" */;
			compatibilityVersion = "Xcode 9.3";
			developmentRegion = en;
			hasScannedForEncodings = 0;
			knownRegions = (
				en,
				Base,
			);
			mainGroup = 3BB3092824D67FB600BA2F8C;
			productRefGroup = 3BB3093224D67FB600BA2F8C /* Products */;
			projectDirPath = "";
			projectRoot = "";
			targets = (
				3BB3093024D67FB600BA2F8C /* TipCalculator */,
				3BB3094624D67FB700BA2F8C /* TipCalculatorTests */,
				3BB3095124D67FB700BA2F8C /* TipCalculatorUITests */,
			);
		};
/* End PBXProject section */

/* Begin PBXResourcesBuildPhase section */
		3BB3092F24D67FB600BA2F8C /* Resources */ = {
			isa = PBXResourcesBuildPhase;
			buildActionMask = 2147483647;
			files = (
				3BB3094124D67FB700BA2F8C /* LaunchScreen.storyboard in Resources */,
				3BB3093E24D67FB700BA2F8C /* Assets.xcassets in Resources */,
				3BB3093C24D67FB600BA2F8C /* Main.storyboard in Resources */,
			);
			runOnlyForDeploymentPostprocessing = 0;
		};
		3BB3094524D67FB700BA2F8C /* Resources */ = {
			isa = PBXResourcesBuildPhase;
			buildActionMask = 2147483647;
			files = (
			);
			runOnlyForDeploymentPostprocessing = 0;
		};
		3BB3095024D67FB700BA2F8C /* Resources */ = {
			isa = PBXResourcesBuildPhase;
			buildActionMask = 2147483647;
			files = (
			);
			runOnlyForDeploymentPostprocessing = 0;
		};
/* End PBXResourcesBuildPhase section */

/* Begin PBXSourcesBuildPhase section */
		3BB3092D24D67FB600BA2F8C /* Sources */ = {
			isa = PBXSourcesBuildPhase;
			buildActionMask = 2147483647;
			files = (
				3BB3093924D67FB600BA2F8C /* ViewController.swift in Sources */,
				3BB3093524D67FB600BA2F8C /* AppDelegate.swift in Sources */,
				3BB3093724D67FB600BA2F8C /* SceneDelegate.swift in Sources */,
			);
			runOnlyForDeploymentPostprocessing = 0;
		};
		3BB3094324D67FB700BA2F8C /* Sources */ = {
			isa = PBXSourcesBuildPhase;
			buildActionMask = 2147483647;
			files = (
				3BB3094C24D67FB700BA2F8C /* TipCalculatorTests.swift in Sources */,
			);
			runOnlyForDeploymentPostprocessing = 0;
		};
		3BB3094E24D67FB700BA2F8C /* Sources */ = {
			isa = PBXSourcesBuildPhase;
			buildActionMask = 2147483647;
			files = (
				3BB3095724D67FB700BA2F8C /* TipCalculatorUITests.swift in Sources */,
			);
			runOnlyForDeploymentPostprocessing = 0;
		};
/* End PBXSourcesBuildPhase section */

/* Begin PBXTargetDependency section */
		3BB3094924D67FB700BA2F8C /* PBXTargetDependency */ = {
			isa = PBXTargetDependency;
			target = 3BB3093024D67FB600BA2F8C /* TipCalculator */;
			targetProxy = 3BB3094824D67FB700BA2F8C /* PBXContainerItemProxy */;
		};
		3BB3095424D67FB700BA2F8C /* PBXTargetDependency */ = {
			isa = PBXTargetDependency;
			target = 3BB3093024D67FB600BA2F8C /* TipCalculator */;
			targetProxy = 3BB3095324D67FB700BA2F8C /* PBXContainerItemProxy */;
		};
/* End PBXTargetDependency section */

/* Begin PBXVariantGroup section */
		3BB3093A24D67FB600BA2F8C /* Main.storyboard */ = {
			isa = PBXVariantGroup;
			children = (
				3BB3093B24D67FB600BA2F8C /* Base */,
			);
			name = Main.storyboard;
			sourceTree = "<group>";
		};
		3BB3093F24D67FB700BA2F8C /* LaunchScreen.storyboard */ = {
			isa = PBXVariantGroup;
			children = (
				3BB3094024D67FB700BA2F8C /* Base */,
			);
			name = LaunchScreen.storyboard;
			sourceTree = "<group>";
		};
/* End PBXVariantGroup section */

/* Begin XCBuildConfiguration section */
		3BB3095924D67FB700BA2F8C /* Debug */ = {
			isa = XCBuildConfiguration;
			buildSettings = {
				ALWAYS_SEARCH_USER_PATHS = NO;
				CLANG_ANALYZER_NONNULL = YES;
				CLANG_ANALYZER_NUMBER_OBJECT_CONVERSION = YES_AGGRESSIVE;
				CLANG_CXX_LANGUAGE_STANDARD = "gnu++14";
				CLANG_CXX_LIBRARY = "libc++";
				CLANG_ENABLE_MODULES = YES;
				CLANG_ENABLE_OBJC_ARC = YES;
				CLANG_ENABLE_OBJC_WEAK = YES;
				CLANG_WARN_BLOCK_CAPTURE_AUTORELEASING = YES;
				CLANG_WARN_BOOL_CONVERSION = YES;
				CLANG_WARN_COMMA = YES;
				CLANG_WARN_CONSTANT_CONVERSION = YES;
				CLANG_WARN_DEPRECATED_OBJC_IMPLEMENTATIONS = YES;
				CLANG_WARN_DIRECT_OBJC_ISA_USAGE = YES_ERROR;
				CLANG_WARN_DOCUMENTATION_COMMENTS = YES;
				CLANG_WARN_EMPTY_BODY = YES;
				CLANG_WARN_ENUM_CONVERSION = YES;
				CLANG_WARN_INFINITE_RECURSION = YES;
				CLANG_WARN_INT_CONVERSION = YES;
				CLANG_WARN_NON_LITERAL_NULL_CONVERSION = YES;
				CLANG_WARN_OBJC_IMPLICIT_RETAIN_SELF = YES;
				CLANG_WARN_OBJC_LITERAL_CONVERSION = YES;
				CLANG_WARN_OBJC_ROOT_CLASS = YES_ERROR;
				CLANG_WARN_RANGE_LOOP_ANALYSIS = YES;
				CLANG_WARN_STRICT_PROTOTYPES = YES;
				CLANG_WARN_SUSPICIOUS_MOVE = YES;
				CLANG_WARN_UNGUARDED_AVAILABILITY = YES_AGGRESSIVE;
				CLANG_WARN_UNREACHABLE_CODE = YES;
				CLANG_WARN__DUPLICATE_METHOD_MATCH = YES;
				COPY_PHASE_STRIP = NO;
				DEBUG_INFORMATION_FORMAT = dwarf;
				ENABLE_STRICT_OBJC_MSGSEND = YES;
				ENABLE_TESTABILITY = YES;
				GCC_C_LANGUAGE_STANDARD = gnu11;
				GCC_DYNAMIC_NO_PIC = NO;
				GCC_NO_COMMON_BLOCKS = YES;
				GCC_OPTIMIZATION_LEVEL = 0;
				GCC_PREPROCESSOR_DEFINITIONS = (
					"DEBUG=1",
					"$(inherited)",
				);
				GCC_WARN_64_TO_32_BIT_CONVERSION = YES;
				GCC_WARN_ABOUT_RETURN_TYPE = YES_ERROR;
				GCC_WARN_UNDECLARED_SELECTOR = YES;
				GCC_WARN_UNINITIALIZED_AUTOS = YES_AGGRESSIVE;
				GCC_WARN_UNUSED_FUNCTION = YES;
				GCC_WARN_UNUSED_VARIABLE = YES;
				IPHONEOS_DEPLOYMENT_TARGET = 13.5;
				MTL_ENABLE_DEBUG_INFO = INCLUDE_SOURCE;
				MTL_FAST_MATH = YES;
				ONLY_ACTIVE_ARCH = YES;
				SDKROOT = iphoneos;
				SWIFT_ACTIVE_COMPILATION_CONDITIONS = DEBUG;
				SWIFT_OPTIMIZATION_LEVEL = "-Onone";
			};
			name = Debug;
		};
		3BB3095A24D67FB700BA2F8C /* Release */ = {
			isa = XCBuildConfiguration;
			buildSettings = {
				ALWAYS_SEARCH_USER_PATHS = NO;
				CLANG_ANALYZER_NONNULL = YES;
				CLANG_ANALYZER_NUMBER_OBJECT_CONVERSION = YES_AGGRESSIVE;
				CLANG_CXX_LANGUAGE_STANDARD = "gnu++14";
				CLANG_CXX_LIBRARY = "libc++";
				CLANG_ENABLE_MODULES = YES;
				CLANG_ENABLE_OBJC_ARC = YES;
				CLANG_ENABLE_OBJC_WEAK = YES;
				CLANG_WARN_BLOCK_CAPTURE_AUTORELEASING = YES;
				CLANG_WARN_BOOL_CONVERSION = YES;
				CLANG_WARN_COMMA = YES;
				CLANG_WARN_CONSTANT_CONVERSION = YES;
				CLANG_WARN_DEPRECATED_OBJC_IMPLEMENTATIONS = YES;
				CLANG_WARN_DIRECT_OBJC_ISA_USAGE = YES_ERROR;
				CLANG_WARN_DOCUMENTATION_COMMENTS = YES;
				CLANG_WARN_EMPTY_BODY = YES;
				CLANG_WARN_ENUM_CONVERSION = YES;
				CLANG_WARN_INFINITE_RECURSION = YES;
				CLANG_WARN_INT_CONVERSION = YES;
				CLANG_WARN_NON_LITERAL_NULL_CONVERSION = YES;
				CLANG_WARN_OBJC_IMPLICIT_RETAIN_SELF = YES;
				CLANG_WARN_OBJC_LITERAL_CONVERSION = YES;
				CLANG_WARN_OBJC_ROOT_CLASS = YES_ERROR;
				CLANG_WARN_RANGE_LOOP_ANALYSIS = YES;
				CLANG_WARN_STRICT_PROTOTYPES = YES;
				CLANG_WARN_SUSPICIOUS_MOVE = YES;
				CLANG_WARN_UNGUARDED_AVAILABILITY = YES_AGGRESSIVE;
				CLANG_WARN_UNREACHABLE_CODE = YES;
				CLANG_WARN__DUPLICATE_METHOD_MATCH = YES;
				COPY_PHASE_STRIP = NO;
				DEBUG_INFORMATION_FORMAT = "dwarf-with-dsym";
				ENABLE_NS_ASSERTIONS = NO;
				ENABLE_STRICT_OBJC_MSGSEND = YES;
				GCC_C_LANGUAGE_STANDARD = gnu11;
				GCC_NO_COMMON_BLOCKS = YES;
				GCC_WARN_64_TO_32_BIT_CONVERSION = YES;
				GCC_WARN_ABOUT_RETURN_TYPE = YES_ERROR;
				GCC_WARN_UNDECLARED_SELECTOR = YES;
				GCC_WARN_UNINITIALIZED_AUTOS = YES_AGGRESSIVE;
				GCC_WARN_UNUSED_FUNCTION = YES;
				GCC_WARN_UNUSED_VARIABLE = YES;
				IPHONEOS_DEPLOYMENT_TARGET = 13.5;
				MTL_ENABLE_DEBUG_INFO = NO;
				MTL_FAST_MATH = YES;
				SDKROOT = iphoneos;
				SWIFT_COMPILATION_MODE = wholemodule;
				SWIFT_OPTIMIZATION_LEVEL = "-O";
				VALIDATE_PRODUCT = YES;
			};
			name = Release;
		};
		3BB3095C24D67FB700BA2F8C /* Debug */ = {
			isa = XCBuildConfiguration;
			buildSettings = {
				ASSETCATALOG_COMPILER_APPICON_NAME = AppIcon;
				CODE_SIGN_STYLE = Automatic;
				INFOPLIST_FILE = TipCalculator/Info.plist;
				LD_RUNPATH_SEARCH_PATHS = (
					"$(inherited)",
					"@executable_path/Frameworks",
				);
				PRODUCT_BUNDLE_IDENTIFIER = codepath.tippy.TipCalculator;
				PRODUCT_NAME = "$(TARGET_NAME)";
				SWIFT_VERSION = 5.0;
				TARGETED_DEVICE_FAMILY = "1,2";
			};
			name = Debug;
		};
		3BB3095D24D67FB700BA2F8C /* Release */ = {
			isa = XCBuildConfiguration;
			buildSettings = {
				ASSETCATALOG_COMPILER_APPICON_NAME = AppIcon;
				CODE_SIGN_STYLE = Automatic;
				INFOPLIST_FILE = TipCalculator/Info.plist;
				LD_RUNPATH_SEARCH_PATHS = (
					"$(inherited)",
					"@executable_path/Frameworks",
				);
				PRODUCT_BUNDLE_IDENTIFIER = codepath.tippy.TipCalculator;
				PRODUCT_NAME = "$(TARGET_NAME)";
				SWIFT_VERSION = 5.0;
				TARGETED_DEVICE_FAMILY = "1,2";
			};
			name = Release;
		};
		3BB3095F24D67FB700BA2F8C /* Debug */ = {
			isa = XCBuildConfiguration;
			buildSettings = {
				ALWAYS_EMBED_SWIFT_STANDARD_LIBRARIES = YES;
				BUNDLE_LOADER = "$(TEST_HOST)";
				CODE_SIGN_STYLE = Automatic;
				INFOPLIST_FILE = TipCalculatorTests/Info.plist;
				IPHONEOS_DEPLOYMENT_TARGET = 13.5;
				LD_RUNPATH_SEARCH_PATHS = (
					"$(inherited)",
					"@executable_path/Frameworks",
					"@loader_path/Frameworks",
				);
				PRODUCT_BUNDLE_IDENTIFIER = codepath.tippy.TipCalculatorTests;
				PRODUCT_NAME = "$(TARGET_NAME)";
				SWIFT_VERSION = 5.0;
				TARGETED_DEVICE_FAMILY = "1,2";
				TEST_HOST = "$(BUILT_PRODUCTS_DIR)/TipCalculator.app/TipCalculator";
			};
			name = Debug;
		};
		3BB3096024D67FB700BA2F8C /* Release */ = {
			isa = XCBuildConfiguration;
			buildSettings = {
				ALWAYS_EMBED_SWIFT_STANDARD_LIBRARIES = YES;
				BUNDLE_LOADER = "$(TEST_HOST)";
				CODE_SIGN_STYLE = Automatic;
				INFOPLIST_FILE = TipCalculatorTests/Info.plist;
				IPHONEOS_DEPLOYMENT_TARGET = 13.5;
				LD_RUNPATH_SEARCH_PATHS = (
					"$(inherited)",
					"@executable_path/Frameworks",
					"@loader_path/Frameworks",
				);
				PRODUCT_BUNDLE_IDENTIFIER = codepath.tippy.TipCalculatorTests;
				PRODUCT_NAME = "$(TARGET_NAME)";
				SWIFT_VERSION = 5.0;
				TARGETED_DEVICE_FAMILY = "1,2";
				TEST_HOST = "$(BUILT_PRODUCTS_DIR)/TipCalculator.app/TipCalculator";
			};
			name = Release;
		};
		3BB3096224D67FB700BA2F8C /* Debug */ = {
			isa = XCBuildConfiguration;
			buildSettings = {
				ALWAYS_EMBED_SWIFT_STANDARD_LIBRARIES = YES;
				CODE_SIGN_STYLE = Automatic;
				INFOPLIST_FILE = TipCalculatorUITests/Info.plist;
				LD_RUNPATH_SEARCH_PATHS = (
					"$(inherited)",
					"@executable_path/Frameworks",
					"@loader_path/Frameworks",
				);
				PRODUCT_BUNDLE_IDENTIFIER = codepath.tippy.TipCalculatorUITests;
				PRODUCT_NAME = "$(TARGET_NAME)";
				SWIFT_VERSION = 5.0;
				TARGETED_DEVICE_FAMILY = "1,2";
				TEST_TARGET_NAME = TipCalculator;
			};
			name = Debug;
		};
		3BB3096324D67FB700BA2F8C /* Release */ = {
			isa = XCBuildConfiguration;
			buildSettings = {
				ALWAYS_EMBED_SWIFT_STANDARD_LIBRARIES = YES;
				CODE_SIGN_STYLE = Automatic;
				INFOPLIST_FILE = TipCalculatorUITests/Info.plist;
				LD_RUNPATH_SEARCH_PATHS = (
					"$(inherited)",
					"@executable_path/Frameworks",
					"@loader_path/Frameworks",
				);
				PRODUCT_BUNDLE_IDENTIFIER = codepath.tippy.TipCalculatorUITests;
				PRODUCT_NAME = "$(TARGET_NAME)";
				SWIFT_VERSION = 5.0;
				TARGETED_DEVICE_FAMILY = "1,2";
				TEST_TARGET_NAME = TipCalculator;
			};
			name = Release;
		};
/* End XCBuildConfiguration section */

/* Begin XCConfigurationList section */
		3BB3092C24D67FB600BA2F8C /* Build configuration list for PBXProject "TipCalculator" */ = {
			isa = XCConfigurationList;
			buildConfigurations = (
				3BB3095924D67FB700BA2F8C /* Debug */,
				3BB3095A24D67FB700BA2F8C /* Release */,
			);
			defaultConfigurationIsVisible = 0;
			defaultConfigurationName = Release;
		};
		3BB3095B24D67FB700BA2F8C /* Build configuration list for PBXNativeTarget "TipCalculator" */ = {
			isa = XCConfigurationList;
			buildConfigurations = (
				3BB3095C24D67FB700BA2F8C /* Debug */,
				3BB3095D24D67FB700BA2F8C /* Release */,
			);
			defaultConfigurationIsVisible = 0;
			defaultConfigurationName = Release;
		};
		3BB3095E24D67FB700BA2F8C /* Build configuration list for PBXNativeTarget "TipCalculatorTests" */ = {
			isa = XCConfigurationList;
			buildConfigurations = (
				3BB3095F24D67FB700BA2F8C /* Debug */,
				3BB3096024D67FB700BA2F8C /* Release */,
			);
			defaultConfigurationIsVisible = 0;
			defaultConfigurationName = Release;
		};
		3BB3096124D67FB700BA2F8C /* Build configuration list for PBXNativeTarget "TipCalculatorUITests" */ = {
			isa = XCConfigurationList;
			buildConfigurations = (
				3BB3096224D67FB700BA2F8C /* Debug */,
				3BB3096324D67FB700BA2F8C /* Release */,
			);
			defaultConfigurationIsVisible = 0;
			defaultConfigurationName = Release;
		};
/* End XCConfigurationList section */
	};
	rootObject = 3BB3092924D67FB600BA2F8C /* Project object */;
}
